
Microsoft Visual Studio Solution File, Format Version 12.00
# Visual Studio Version 17
VisualStudioVersion = 17.7.34221.43
MinimumVisualStudioVersion = 10.0.40219.1
Project("{8BC9CEB8-8B4A-11D0-8D11-00A0C91BC942}") = "icecream", "icecream\icecream.vcxproj", "{9A017E58-3572-4F8E-B7CF-E1AF8870B381}"
EndProject
Project("{8BC9CEB8-8B4A-11D0-8D11-00A0C91BC942}") = "practices", "practices\practices.vcxproj", "{ED4D2993-5092-4942-A940-7BABF459A541}"
EndProject
Project("{8BC9CEB8-8B4A-11D0-8D11-00A0C91BC942}") = "lab1-test", "lab1-test\lab1-test.vcxproj", "{E9179F9B-E640-41A8-8F54-B29D6385CC70}"
EndProject
Project("{8BC9CEB8-8B4A-11D0-8D11-00A0C91BC942}") = "Lesson02", "Lesson02\Lesson02.vcxproj", "{246DC887-D315-47C6-9403-036D6E9C3065}"
EndProject
Global
	GlobalSection(SolutionConfigurationPlatforms) = preSolution
		Debug|x64 = Debug|x64
		Debug|x86 = Debug|x86
		Release|x64 = Release|x64
		Release|x86 = Release|x86
	EndGlobalSection
	GlobalSection(ProjectConfigurationPlatforms) = postSolution
		{9A017E58-3572-4F8E-B7CF-E1AF8870B381}.Debug|x64.ActiveCfg = Debug|x64
		{9A017E58-3572-4F8E-B7CF-E1AF8870B381}.Debug|x64.Build.0 = Debug|x64
		{9A017E58-3572-4F8E-B7CF-E1AF8870B381}.Debug|x86.ActiveCfg = Debug|Win32
		{9A017E58-3572-4F8E-B7CF-E1AF8870B381}.Debug|x86.Build.0 = Debug|Win32
		{9A017E58-3572-4F8E-B7CF-E1AF8870B381}.Release|x64.ActiveCfg = Release|x64
		{9A017E58-3572-4F8E-B7CF-E1AF8870B381}.Release|x64.Build.0 = Release|x64
		{9A017E58-3572-4F8E-B7CF-E1AF8870B381}.Release|x86.ActiveCfg = Release|Win32
		{9A017E58-3572-4F8E-B7CF-E1AF8870B381}.Release|x86.Build.0 = Release|Win32
		{ED4D2993-5092-4942-A940-7BABF459A541}.Debug|x64.ActiveCfg = Debug|x64
		{ED4D2993-5092-4942-A940-7BABF459A541}.Debug|x64.Build.0 = Debug|x64
		{ED4D2993-5092-4942-A940-7BABF459A541}.Debug|x86.ActiveCfg = Debug|Win32
		{ED4D2993-5092-4942-A940-7BABF459A541}.Debug|x86.Build.0 = Debug|Win32
		{ED4D2993-5092-4942-A940-7BABF459A541}.Release|x64.ActiveCfg = Release|x64
		{ED4D2993-5092-4942-A940-7BABF459A541}.Release|x64.Build.0 = Release|x64
		{ED4D2993-5092-4942-A940-7BABF459A541}.Release|x86.ActiveCfg = Release|Win32
		{ED4D2993-5092-4942-A940-7BABF459A541}.Release|x86.Build.0 = Release|Win32
		{E9179F9B-E640-41A8-8F54-B29D6385CC70}.Debug|x64.ActiveCfg = Debug|x64
		{E9179F9B-E640-41A8-8F54-B29D6385CC70}.Debug|x64.Build.0 = Debug|x64
		{E9179F9B-E640-41A8-8F54-B29D6385CC70}.Debug|x86.ActiveCfg = Debug|Win32
		{E9179F9B-E640-41A8-8F54-B29D6385CC70}.Debug|x86.Build.0 = Debug|Win32
		{E9179F9B-E640-41A8-8F54-B29D6385CC70}.Release|x64.ActiveCfg = Release|x64
		{E9179F9B-E640-41A8-8F54-B29D6385CC70}.Release|x64.Build.0 = Release|x64
		{E9179F9B-E640-41A8-8F54-B29D6385CC70}.Release|x86.ActiveCfg = Release|Win32
		{E9179F9B-E640-41A8-8F54-B29D6385CC70}.Release|x86.Build.0 = Release|Win32
		{246DC887-D315-47C6-9403-036D6E9C3065}.Debug|x64.ActiveCfg = Debug|x64
		{246DC887-D315-47C6-9403-036D6E9C3065}.Debug|x64.Build.0 = Debug|x64
		{246DC887-D315-47C6-9403-036D6E9C3065}.Debug|x86.ActiveCfg = Debug|Win32
		{246DC887-D315-47C6-9403-036D6E9C3065}.Debug|x86.Build.0 = Debug|Win32
		{246DC887-D315-47C6-9403-036D6E9C3065}.Release|x64.ActiveCfg = Release|x64
		{246DC887-D315-47C6-9403-036D6E9C3065}.Release|x64.Build.0 = Release|x64
		{246DC887-D315-47C6-9403-036D6E9C3065}.Release|x86.ActiveCfg = Release|Win32
		{246DC887-D315-47C6-9403-036D6E9C3065}.Release|x86.Build.0 = Release|Win32
	EndGlobalSection
	GlobalSection(SolutionProperties) = preSolution
		HideSolutionNode = FALSE
	EndGlobalSection
	GlobalSection(ExtensibilityGlobals) = postSolution
		SolutionGuid = {E84F925F-47C3-4ADF-83CF-C4155B452B78}
	EndGlobalSection
EndGlobal
